// !$*UTF8*$!
{
	archiveVersion = 1;
	classes = {
	};
	objectVersion = 46;
	objects = {

/* Begin PBXBuildFile section */
		AB2C164D1736FFF200EAE717 /* brown-bar@2x.png in Resources */ = {isa = PBXBuildFile; fileRef = AB2C164C1736FFF200EAE717 /* brown-bar@2x.png */; };
		AB2C164F173708BC00EAE717 /* placeholder.png in Resources */ = {isa = PBXBuildFile; fileRef = AB2C164E173708BC00EAE717 /* placeholder.png */; };
		AB5351CF19C4C3DB00A64554 /* UIColor+FlatUI.m in Sources */ = {isa = PBXBuildFile; fileRef = AB5351CE19C4C3DB00A64554 /* UIColor+FlatUI.m */; };
		AB5351D219C4C92500A64554 /* Media.xcassets in Resources */ = {isa = PBXBuildFile; fileRef = AB5351D119C4C92500A64554 /* Media.xcassets */; };
		AB723CEC16CCB6700077F7F5 /* UIKit.framework in Frameworks */ = {isa = PBXBuildFile; fileRef = AB723CEB16CCB6700077F7F5 /* UIKit.framework */; };
		AB723CEE16CCB6700077F7F5 /* Foundation.framework in Frameworks */ = {isa = PBXBuildFile; fileRef = AB723CED16CCB6700077F7F5 /* Foundation.framework */; };
		AB723CF016CCB6700077F7F5 /* CoreGraphics.framework in Frameworks */ = {isa = PBXBuildFile; fileRef = AB723CEF16CCB6700077F7F5 /* CoreGraphics.framework */; };
		AB723CF816CCB6700077F7F5 /* main.m in Sources */ = {isa = PBXBuildFile; fileRef = AB723CF716CCB6700077F7F5 /* main.m */; };
		AB723CFC16CCB6700077F7F5 /* SCAppDelegate.m in Sources */ = {isa = PBXBuildFile; fileRef = AB723CFB16CCB6700077F7F5 /* SCAppDelegate.m */; };
		AB723CFE16CCB6700077F7F5 /* Default.png in Resources */ = {isa = PBXBuildFile; fileRef = AB723CFD16CCB6700077F7F5 /* Default.png */; };
		AB723D0016CCB6700077F7F5 /* Default@2x.png in Resources */ = {isa = PBXBuildFile; fileRef = AB723CFF16CCB6700077F7F5 /* Default@2x.png */; };
		AB723D0216CCB6700077F7F5 /* Default-568h@2x.png in Resources */ = {isa = PBXBuildFile; fileRef = AB723D0116CCB6700077F7F5 /* Default-568h@2x.png */; };
		AB723D0516CCB6700077F7F5 /* MainStoryboard_iPhone.storyboard in Resources */ = {isa = PBXBuildFile; fileRef = AB723D0316CCB6700077F7F5 /* MainStoryboard_iPhone.storyboard */; };
		AB723D0B16CCB6700077F7F5 /* SCLearnViewController.m in Sources */ = {isa = PBXBuildFile; fileRef = AB723D0A16CCB6700077F7F5 /* SCLearnViewController.m */; };
		AB723D1F16CCB6700077F7F5 /* UIKit.framework in Frameworks */ = {isa = PBXBuildFile; fileRef = AB723CEB16CCB6700077F7F5 /* UIKit.framework */; };
		AB723D2016CCB6700077F7F5 /* Foundation.framework in Frameworks */ = {isa = PBXBuildFile; fileRef = AB723CED16CCB6700077F7F5 /* Foundation.framework */; };
		AB723D2816CCB6700077F7F5 /* InfoPlist.strings in Resources */ = {isa = PBXBuildFile; fileRef = AB723D2616CCB6700077F7F5 /* InfoPlist.strings */; };
		AB723D2B16CCB6700077F7F5 /* SolveTheCube2Tests.m in Sources */ = {isa = PBXBuildFile; fileRef = AB723D2A16CCB6700077F7F5 /* SolveTheCube2Tests.m */; };
		AB88BA381734BED2008FC823 /* F2L-1.gif in Resources */ = {isa = PBXBuildFile; fileRef = AB88BA221734BED2008FC823 /* F2L-1.gif */; };
		AB88BA391734BED2008FC823 /* F2L-2.gif in Resources */ = {isa = PBXBuildFile; fileRef = AB88BA231734BED2008FC823 /* F2L-2.gif */; };
		AB88BA3A1734BED2008FC823 /* F2L-3.gif in Resources */ = {isa = PBXBuildFile; fileRef = AB88BA241734BED2008FC823 /* F2L-3.gif */; };
		AB88BA3B1734BED2008FC823 /* F2L-4.gif in Resources */ = {isa = PBXBuildFile; fileRef = AB88BA251734BED2008FC823 /* F2L-4.gif */; };
		AB88BA3C1734BED2008FC823 /* F2L-5.gif in Resources */ = {isa = PBXBuildFile; fileRef = AB88BA261734BED2008FC823 /* F2L-5.gif */; };
		AB88BA3D1734BED2008FC823 /* F2L-6.gif in Resources */ = {isa = PBXBuildFile; fileRef = AB88BA271734BED2008FC823 /* F2L-6.gif */; };
		AB88BA3E1734BED2008FC823 /* F2L-7.gif in Resources */ = {isa = PBXBuildFile; fileRef = AB88BA281734BED2008FC823 /* F2L-7.gif */; };
		AB88BA3F1734BED2008FC823 /* F2L-8.gif in Resources */ = {isa = PBXBuildFile; fileRef = AB88BA291734BED2008FC823 /* F2L-8.gif */; };
		AB88BA401734BED2008FC823 /* F2L-9.gif in Resources */ = {isa = PBXBuildFile; fileRef = AB88BA2A1734BED2008FC823 /* F2L-9.gif */; };
		AB88BA411734BED2008FC823 /* F2L-10.gif in Resources */ = {isa = PBXBuildFile; fileRef = AB88BA2B1734BED2008FC823 /* F2L-10.gif */; };
		AB88BA421734BED2008FC823 /* F2L-11.gif in Resources */ = {isa = PBXBuildFile; fileRef = AB88BA2C1734BED2008FC823 /* F2L-11.gif */; };
		AB88BA431734BED2008FC823 /* F2L-12.gif in Resources */ = {isa = PBXBuildFile; fileRef = AB88BA2D1734BED2008FC823 /* F2L-12.gif */; };
		AB88BA441734BED2008FC823 /* F2L-13.gif in Resources */ = {isa = PBXBuildFile; fileRef = AB88BA2E1734BED2008FC823 /* F2L-13.gif */; };
		AB88BA451734BED2008FC823 /* F2L-14.gif in Resources */ = {isa = PBXBuildFile; fileRef = AB88BA2F1734BED2008FC823 /* F2L-14.gif */; };
		AB88BA461734BED2008FC823 /* F2L-15.gif in Resources */ = {isa = PBXBuildFile; fileRef = AB88BA301734BED2008FC823 /* F2L-15.gif */; };
		AB88BA471734BED2008FC823 /* F2L-16.gif in Resources */ = {isa = PBXBuildFile; fileRef = AB88BA311734BED2008FC823 /* F2L-16.gif */; };
		AB88BA481734BED2008FC823 /* F2L-17.gif in Resources */ = {isa = PBXBuildFile; fileRef = AB88BA321734BED2008FC823 /* F2L-17.gif */; };
		AB88BA491734BED2008FC823 /* F2L-18.gif in Resources */ = {isa = PBXBuildFile; fileRef = AB88BA331734BED2008FC823 /* F2L-18.gif */; };
		AB88BA4A1734BED2008FC823 /* F2L-19.gif in Resources */ = {isa = PBXBuildFile; fileRef = AB88BA341734BED2008FC823 /* F2L-19.gif */; };
		AB88BA4B1734BED2008FC823 /* F2L-20.gif in Resources */ = {isa = PBXBuildFile; fileRef = AB88BA351734BED2008FC823 /* F2L-20.gif */; };
		AB88BA4C1734BED2008FC823 /* F2L-21.gif in Resources */ = {isa = PBXBuildFile; fileRef = AB88BA361734BED2008FC823 /* F2L-21.gif */; };
		AB88BA4D1734BED2008FC823 /* F2L-22.gif in Resources */ = {isa = PBXBuildFile; fileRef = AB88BA371734BED2008FC823 /* F2L-22.gif */; };
		AB88BA761734BEF0008FC823 /* OLL-1.gif in Resources */ = {isa = PBXBuildFile; fileRef = AB88BA4E1734BEF0008FC823 /* OLL-1.gif */; };
		AB88BA771734BEF0008FC823 /* OLL-2.gif in Resources */ = {isa = PBXBuildFile; fileRef = AB88BA4F1734BEF0008FC823 /* OLL-2.gif */; };
		AB88BA781734BEF0008FC823 /* OLL-3.gif in Resources */ = {isa = PBXBuildFile; fileRef = AB88BA501734BEF0008FC823 /* OLL-3.gif */; };
		AB88BA791734BEF0008FC823 /* OLL-4.gif in Resources */ = {isa = PBXBuildFile; fileRef = AB88BA511734BEF0008FC823 /* OLL-4.gif */; };
		AB88BA7A1734BEF0008FC823 /* OLL-5.gif in Resources */ = {isa = PBXBuildFile; fileRef = AB88BA521734BEF0008FC823 /* OLL-5.gif */; };
		AB88BA7B1734BEF0008FC823 /* OLL-6.gif in Resources */ = {isa = PBXBuildFile; fileRef = AB88BA531734BEF0008FC823 /* OLL-6.gif */; };
		AB88BA7C1734BEF0008FC823 /* OLL-7.gif in Resources */ = {isa = PBXBuildFile; fileRef = AB88BA541734BEF0008FC823 /* OLL-7.gif */; };
		AB88BA7D1734BEF0008FC823 /* OLL-8.gif in Resources */ = {isa = PBXBuildFile; fileRef = AB88BA551734BEF0008FC823 /* OLL-8.gif */; };
		AB88BA7E1734BEF0008FC823 /* OLL-9.gif in Resources */ = {isa = PBXBuildFile; fileRef = AB88BA561734BEF0008FC823 /* OLL-9.gif */; };
		AB88BA7F1734BEF0008FC823 /* OLL-10.gif in Resources */ = {isa = PBXBuildFile; fileRef = AB88BA571734BEF0008FC823 /* OLL-10.gif */; };
		AB88BA801734BEF0008FC823 /* OLL-11.gif in Resources */ = {isa = PBXBuildFile; fileRef = AB88BA581734BEF0008FC823 /* OLL-11.gif */; };
		AB88BA811734BEF0008FC823 /* OLL-12.gif in Resources */ = {isa = PBXBuildFile; fileRef = AB88BA591734BEF0008FC823 /* OLL-12.gif */; };
		AB88BA821734BEF0008FC823 /* OLL-13.gif in Resources */ = {isa = PBXBuildFile; fileRef = AB88BA5A1734BEF0008FC823 /* OLL-13.gif */; };
		AB88BA831734BEF0008FC823 /* OLL-14.gif in Resources */ = {isa = PBXBuildFile; fileRef = AB88BA5B1734BEF0008FC823 /* OLL-14.gif */; };
		AB88BA841734BEF0008FC823 /* OLL-15.gif in Resources */ = {isa = PBXBuildFile; fileRef = AB88BA5C1734BEF0008FC823 /* OLL-15.gif */; };
		AB88BA851734BEF0008FC823 /* OLL-16.gif in Resources */ = {isa = PBXBuildFile; fileRef = AB88BA5D1734BEF0008FC823 /* OLL-16.gif */; };
		AB88BA861734BEF0008FC823 /* OLL-17.gif in Resources */ = {isa = PBXBuildFile; fileRef = AB88BA5E1734BEF0008FC823 /* OLL-17.gif */; };
		AB88BA871734BEF0008FC823 /* OLL-18.gif in Resources */ = {isa = PBXBuildFile; fileRef = AB88BA5F1734BEF0008FC823 /* OLL-18.gif */; };
		AB88BA881734BEF0008FC823 /* OLL-19.gif in Resources */ = {isa = PBXBuildFile; fileRef = AB88BA601734BEF0008FC823 /* OLL-19.gif */; };
		AB88BA891734BEF0008FC823 /* OLL-20.gif in Resources */ = {isa = PBXBuildFile; fileRef = AB88BA611734BEF0008FC823 /* OLL-20.gif */; };
		AB88BA8A1734BEF0008FC823 /* OLL-21.gif in Resources */ = {isa = PBXBuildFile; fileRef = AB88BA621734BEF0008FC823 /* OLL-21.gif */; };
		AB88BA8B1734BEF0008FC823 /* OLL-22.gif in Resources */ = {isa = PBXBuildFile; fileRef = AB88BA631734BEF0008FC823 /* OLL-22.gif */; };
		AB88BA8C1734BEF0008FC823 /* OLL-23.gif in Resources */ = {isa = PBXBuildFile; fileRef = AB88BA641734BEF0008FC823 /* OLL-23.gif */; };
		AB88BA8D1734BEF0008FC823 /* OLL-24.gif in Resources */ = {isa = PBXBuildFile; fileRef = AB88BA651734BEF0008FC823 /* OLL-24.gif */; };
		AB88BA8E1734BEF0008FC823 /* OLL-25.gif in Resources */ = {isa = PBXBuildFile; fileRef = AB88BA661734BEF0008FC823 /* OLL-25.gif */; };
		AB88BA8F1734BEF0008FC823 /* OLL-26.gif in Resources */ = {isa = PBXBuildFile; fileRef = AB88BA671734BEF0008FC823 /* OLL-26.gif */; };
		AB88BA901734BEF0008FC823 /* OLL-27.gif in Resources */ = {isa = PBXBuildFile; fileRef = AB88BA681734BEF0008FC823 /* OLL-27.gif */; };
		AB88BA911734BEF0008FC823 /* OLL-28.gif in Resources */ = {isa = PBXBuildFile; fileRef = AB88BA691734BEF0008FC823 /* OLL-28.gif */; };
		AB88BA921734BEF0008FC823 /* OLL-29.gif in Resources */ = {isa = PBXBuildFile; fileRef = AB88BA6A1734BEF0008FC823 /* OLL-29.gif */; };
		AB88BA931734BEF0008FC823 /* OLL-30.gif in Resources */ = {isa = PBXBuildFile; fileRef = AB88BA6B1734BEF0008FC823 /* OLL-30.gif */; };
		AB88BA941734BEF0008FC823 /* OLL-31.gif in Resources */ = {isa = PBXBuildFile; fileRef = AB88BA6C1734BEF0008FC823 /* OLL-31.gif */; };
		AB88BA951734BEF0008FC823 /* OLL-32.gif in Resources */ = {isa = PBXBuildFile; fileRef = AB88BA6D1734BEF0008FC823 /* OLL-32.gif */; };
		AB88BA961734BEF0008FC823 /* OLL-33.gif in Resources */ = {isa = PBXBuildFile; fileRef = AB88BA6E1734BEF0008FC823 /* OLL-33.gif */; };
		AB88BA971734BEF0008FC823 /* OLL-34.gif in Resources */ = {isa = PBXBuildFile; fileRef = AB88BA6F1734BEF0008FC823 /* OLL-34.gif */; };
		AB88BA981734BEF0008FC823 /* OLL-35.gif in Resources */ = {isa = PBXBuildFile; fileRef = AB88BA701734BEF0008FC823 /* OLL-35.gif */; };
		AB88BA991734BEF0008FC823 /* OLL-36.gif in Resources */ = {isa = PBXBuildFile; fileRef = AB88BA711734BEF0008FC823 /* OLL-36.gif */; };
		AB88BA9A1734BEF0008FC823 /* OLL-37.gif in Resources */ = {isa = PBXBuildFile; fileRef = AB88BA721734BEF0008FC823 /* OLL-37.gif */; };
		AB88BA9B1734BEF0008FC823 /* OLL-38.gif in Resources */ = {isa = PBXBuildFile; fileRef = AB88BA731734BEF0008FC823 /* OLL-38.gif */; };
		AB88BA9C1734BEF0008FC823 /* OLL-39.gif in Resources */ = {isa = PBXBuildFile; fileRef = AB88BA741734BEF0008FC823 /* OLL-39.gif */; };
		AB88BA9D1734BEF0008FC823 /* OLL-40.gif in Resources */ = {isa = PBXBuildFile; fileRef = AB88BA751734BEF0008FC823 /* OLL-40.gif */; };
		AB88BAB31734BF04008FC823 /* PLL-1.gif in Resources */ = {isa = PBXBuildFile; fileRef = AB88BA9E1734BF04008FC823 /* PLL-1.gif */; };
		AB88BAB41734BF04008FC823 /* PLL-2.gif in Resources */ = {isa = PBXBuildFile; fileRef = AB88BA9F1734BF04008FC823 /* PLL-2.gif */; };
		AB88BAB51734BF04008FC823 /* PLL-3.gif in Resources */ = {isa = PBXBuildFile; fileRef = AB88BAA01734BF04008FC823 /* PLL-3.gif */; };
		AB88BAB61734BF04008FC823 /* PLL-4.gif in Resources */ = {isa = PBXBuildFile; fileRef = AB88BAA11734BF04008FC823 /* PLL-4.gif */; };
		AB88BAB71734BF04008FC823 /* PLL-5.gif in Resources */ = {isa = PBXBuildFile; fileRef = AB88BAA21734BF04008FC823 /* PLL-5.gif */; };
		AB88BAB81734BF04008FC823 /* PLL-6.gif in Resources */ = {isa = PBXBuildFile; fileRef = AB88BAA31734BF04008FC823 /* PLL-6.gif */; };
		AB88BAB91734BF04008FC823 /* PLL-7.gif in Resources */ = {isa = PBXBuildFile; fileRef = AB88BAA41734BF04008FC823 /* PLL-7.gif */; };
		AB88BABA1734BF04008FC823 /* PLL-8.gif in Resources */ = {isa = PBXBuildFile; fileRef = AB88BAA51734BF04008FC823 /* PLL-8.gif */; };
		AB88BABB1734BF04008FC823 /* PLL-9.gif in Resources */ = {isa = PBXBuildFile; fileRef = AB88BAA61734BF04008FC823 /* PLL-9.gif */; };
		AB88BABC1734BF04008FC823 /* PLL-10.gif in Resources */ = {isa = PBXBuildFile; fileRef = AB88BAA71734BF04008FC823 /* PLL-10.gif */; };
		AB88BABD1734BF04008FC823 /* PLL-11.gif in Resources */ = {isa = PBXBuildFile; fileRef = AB88BAA81734BF04008FC823 /* PLL-11.gif */; };
		AB88BABE1734BF04008FC823 /* PLL-12.gif in Resources */ = {isa = PBXBuildFile; fileRef = AB88BAA91734BF04008FC823 /* PLL-12.gif */; };
		AB88BABF1734BF04008FC823 /* PLL-13.gif in Resources */ = {isa = PBXBuildFile; fileRef = AB88BAAA1734BF04008FC823 /* PLL-13.gif */; };
		AB88BAC01734BF04008FC823 /* PLL-14.gif in Resources */ = {isa = PBXBuildFile; fileRef = AB88BAAB1734BF04008FC823 /* PLL-14.gif */; };
		AB88BAC11734BF04008FC823 /* PLL-15.gif in Resources */ = {isa = PBXBuildFile; fileRef = AB88BAAC1734BF04008FC823 /* PLL-15.gif */; };
		AB88BAC21734BF04008FC823 /* PLL-16.gif in Resources */ = {isa = PBXBuildFile; fileRef = AB88BAAD1734BF04008FC823 /* PLL-16.gif */; };
		AB88BAC31734BF04008FC823 /* PLL-17.gif in Resources */ = {isa = PBXBuildFile; fileRef = AB88BAAE1734BF04008FC823 /* PLL-17.gif */; };
		AB88BAC41734BF04008FC823 /* PLL-18.gif in Resources */ = {isa = PBXBuildFile; fileRef = AB88BAAF1734BF04008FC823 /* PLL-18.gif */; };
		AB88BAC51734BF04008FC823 /* PLL-19.gif in Resources */ = {isa = PBXBuildFile; fileRef = AB88BAB01734BF04008FC823 /* PLL-19.gif */; };
		AB88BAC61734BF04008FC823 /* PLL-20.gif in Resources */ = {isa = PBXBuildFile; fileRef = AB88BAB11734BF04008FC823 /* PLL-20.gif */; };
		AB88BAC71734BF04008FC823 /* PLL-21.gif in Resources */ = {isa = PBXBuildFile; fileRef = AB88BAB21734BF04008FC823 /* PLL-21.gif */; };
		AB88BACA1734C131008FC823 /* MCSwipeTableViewCell.m in Sources */ = {isa = PBXBuildFile; fileRef = AB88BAC91734C130008FC823 /* MCSwipeTableViewCell.m */; };
		AB88BAD51734C216008FC823 /* check.png in Resources */ = {isa = PBXBuildFile; fileRef = AB88BACD1734C216008FC823 /* check.png */; };
		AB88BAD61734C216008FC823 /* check@2x.png in Resources */ = {isa = PBXBuildFile; fileRef = AB88BACE1734C216008FC823 /* check@2x.png */; };
		AB88BAD71734C216008FC823 /* clock.png in Resources */ = {isa = PBXBuildFile; fileRef = AB88BACF1734C216008FC823 /* clock.png */; };
		AB88BAD81734C216008FC823 /* clock@2x.png in Resources */ = {isa = PBXBuildFile; fileRef = AB88BAD01734C216008FC823 /* clock@2x.png */; };
		AB88BAD91734C216008FC823 /* cross.png in Resources */ = {isa = PBXBuildFile; fileRef = AB88BAD11734C216008FC823 /* cross.png */; };
		AB88BADA1734C216008FC823 /* cross@2x.png in Resources */ = {isa = PBXBuildFile; fileRef = AB88BAD21734C216008FC823 /* cross@2x.png */; };
		AB88BADB1734C216008FC823 /* list.png in Resources */ = {isa = PBXBuildFile; fileRef = AB88BAD31734C216008FC823 /* list.png */; };
		AB88BADC1734C216008FC823 /* list@2x.png in Resources */ = {isa = PBXBuildFile; fileRef = AB88BAD41734C216008FC823 /* list@2x.png */; };
		AB88BADD1734C22D008FC823 /* MCSwipeTableViewCell.m in Sources */ = {isa = PBXBuildFile; fileRef = AB88BAC91734C130008FC823 /* MCSwipeTableViewCell.m */; };
		AB88BADE1734C3D3008FC823 /* check.png in Resources */ = {isa = PBXBuildFile; fileRef = AB88BACD1734C216008FC823 /* check.png */; };
		AB88BADF1734C3D3008FC823 /* check@2x.png in Resources */ = {isa = PBXBuildFile; fileRef = AB88BACE1734C216008FC823 /* check@2x.png */; };
		AB88BAE01734C3D3008FC823 /* clock.png in Resources */ = {isa = PBXBuildFile; fileRef = AB88BACF1734C216008FC823 /* clock.png */; };
		AB88BAE11734C3D3008FC823 /* clock@2x.png in Resources */ = {isa = PBXBuildFile; fileRef = AB88BAD01734C216008FC823 /* clock@2x.png */; };
		AB88BAE21734C3D3008FC823 /* cross.png in Resources */ = {isa = PBXBuildFile; fileRef = AB88BAD11734C216008FC823 /* cross.png */; };
		AB88BAE31734C3D3008FC823 /* cross@2x.png in Resources */ = {isa = PBXBuildFile; fileRef = AB88BAD21734C216008FC823 /* cross@2x.png */; };
		AB88BAE41734C3D3008FC823 /* list.png in Resources */ = {isa = PBXBuildFile; fileRef = AB88BAD31734C216008FC823 /* list.png */; };
		AB88BAE51734C3D3008FC823 /* list@2x.png in Resources */ = {isa = PBXBuildFile; fileRef = AB88BAD41734C216008FC823 /* list@2x.png */; };
		AB88BAE81734C68A008FC823 /* Algorithm.m in Sources */ = {isa = PBXBuildFile; fileRef = AB88BAE71734C68A008FC823 /* Algorithm.m */; };
		AB88BAE91734CA3B008FC823 /* Algorithm.m in Sources */ = {isa = PBXBuildFile; fileRef = AB88BAE71734C68A008FC823 /* Algorithm.m */; };
		AB88BAF21734D61D008FC823 /* SCBookmarkViewController.m in Sources */ = {isa = PBXBuildFile; fileRef = AB88BAF11734D61D008FC823 /* SCBookmarkViewController.m */; };
		AB88BAFE17356B54008FC823 /* white-tabbar-background@2x.png in Resources */ = {isa = PBXBuildFile; fileRef = AB88BAFD17356B54008FC823 /* white-tabbar-background@2x.png */; };
		AB88BB0217356D1E008FC823 /* white-tabbar-selected@2x.png in Resources */ = {isa = PBXBuildFile; fileRef = AB88BB0117356D1E008FC823 /* white-tabbar-selected@2x.png */; };
		AB88BB071735773A008FC823 /* MBProgressHUD.m in Sources */ = {isa = PBXBuildFile; fileRef = AB88BB0617357738008FC823 /* MBProgressHUD.m */; };
		AB88BB08173577CC008FC823 /* MBProgressHUD.m in Sources */ = {isa = PBXBuildFile; fileRef = AB88BB0617357738008FC823 /* MBProgressHUD.m */; };
		AB88BB7F1736C7AC008FC823 /* brown-bookmark@2x.png in Resources */ = {isa = PBXBuildFile; fileRef = AB88BB7E1736C7AC008FC823 /* brown-bookmark@2x.png */; };
		ABA6699716CD7A4000F2ABE6 /* SCAlgorithmViewController.m in Sources */ = {isa = PBXBuildFile; fileRef = ABA6699616CD7A4000F2ABE6 /* SCAlgorithmViewController.m */; };
		ABA669A016CD81A300F2ABE6 /* F2L.plist in Resources */ = {isa = PBXBuildFile; fileRef = ABA6699F16CD81A300F2ABE6 /* F2L.plist */; };
		ABA66A2016CD977300F2ABE6 /* OLL.plist in Resources */ = {isa = PBXBuildFile; fileRef = ABA66A1F16CD977300F2ABE6 /* OLL.plist */; };
		ABA66A4D16CD980400F2ABE6 /* PLL.plist in Resources */ = {isa = PBXBuildFile; fileRef = ABA66A4C16CD980400F2ABE6 /* PLL.plist */; };
		ABC52C98173826CF0068B939 /* UIViewController+SChelper.m in Sources */ = {isa = PBXBuildFile; fileRef = ABC52C97173826CF0068B939 /* UIViewController+SChelper.m */; };
		ABC52C9E173839AA0068B939 /* tutorial.pdf in Resources */ = {isa = PBXBuildFile; fileRef = ABC52C9D173839AA0068B939 /* tutorial.pdf */; };
/* End PBXBuildFile section */

/* Begin PBXContainerItemProxy section */
		AB723D2116CCB6700077F7F5 /* PBXContainerItemProxy */ = {
			isa = PBXContainerItemProxy;
			containerPortal = AB723CE016CCB6700077F7F5 /* Project object */;
			proxyType = 1;
			remoteGlobalIDString = AB723CE716CCB6700077F7F5;
			remoteInfo = SolveTheCube2;
		};
/* End PBXContainerItemProxy section */

/* Begin PBXFileReference section */
		AB2C164C1736FFF200EAE717 /* brown-bar@2x.png */ = {isa = PBXFileReference; lastKnownFileType = image.png; path = "brown-bar@2x.png"; sourceTree = "<group>"; };
		AB2C164E173708BC00EAE717 /* placeholder.png */ = {isa = PBXFileReference; lastKnownFileType = image.png; path = placeholder.png; sourceTree = "<group>"; };
		AB5351CD19C4C3DB00A64554 /* UIColor+FlatUI.h */ = {isa = PBXFileReference; fileEncoding = 4; lastKnownFileType = sourcecode.c.h; path = "UIColor+FlatUI.h"; sourceTree = "<group>"; };
		AB5351CE19C4C3DB00A64554 /* UIColor+FlatUI.m */ = {isa = PBXFileReference; fileEncoding = 4; lastKnownFileType = sourcecode.c.objc; path = "UIColor+FlatUI.m"; sourceTree = "<group>"; };
		AB5351D119C4C92500A64554 /* Media.xcassets */ = {isa = PBXFileReference; lastKnownFileType = folder.assetcatalog; name = Media.xcassets; path = SolveTheCube2/Media.xcassets; sourceTree = "<group>"; };
		AB723CE816CCB6700077F7F5 /* SolveTheCube.app */ = {isa = PBXFileReference; explicitFileType = wrapper.application; includeInIndex = 0; path = SolveTheCube.app; sourceTree = BUILT_PRODUCTS_DIR; };
		AB723CEB16CCB6700077F7F5 /* UIKit.framework */ = {isa = PBXFileReference; lastKnownFileType = wrapper.framework; name = UIKit.framework; path = System/Library/Frameworks/UIKit.framework; sourceTree = SDKROOT; };
		AB723CED16CCB6700077F7F5 /* Foundation.framework */ = {isa = PBXFileReference; lastKnownFileType = wrapper.framework; name = Foundation.framework; path = System/Library/Frameworks/Foundation.framework; sourceTree = SDKROOT; };
		AB723CEF16CCB6700077F7F5 /* CoreGraphics.framework */ = {isa = PBXFileReference; lastKnownFileType = wrapper.framework; name = CoreGraphics.framework; path = System/Library/Frameworks/CoreGraphics.framework; sourceTree = SDKROOT; };
		AB723CF316CCB6700077F7F5 /* SolveTheCube2-Info.plist */ = {isa = PBXFileReference; lastKnownFileType = text.plist.xml; path = "SolveTheCube2-Info.plist"; sourceTree = "<group>"; };
		AB723CF516CCB6700077F7F5 /* en */ = {isa = PBXFileReference; lastKnownFileType = text.plist.strings; name = en; path = en.lproj/InfoPlist.strings; sourceTree = "<group>"; };
		AB723CF716CCB6700077F7F5 /* main.m */ = {isa = PBXFileReference; lastKnownFileType = sourcecode.c.objc; path = main.m; sourceTree = "<group>"; };
		AB723CF916CCB6700077F7F5 /* SolveTheCube2-Prefix.pch */ = {isa = PBXFileReference; lastKnownFileType = sourcecode.c.h; path = "SolveTheCube2-Prefix.pch"; sourceTree = "<group>"; };
		AB723CFA16CCB6700077F7F5 /* SCAppDelegate.h */ = {isa = PBXFileReference; lastKnownFileType = sourcecode.c.h; path = SCAppDelegate.h; sourceTree = "<group>"; };
		AB723CFB16CCB6700077F7F5 /* SCAppDelegate.m */ = {isa = PBXFileReference; lastKnownFileType = sourcecode.c.objc; path = SCAppDelegate.m; sourceTree = "<group>"; };
		AB723CFD16CCB6700077F7F5 /* Default.png */ = {isa = PBXFileReference; lastKnownFileType = image.png; path = Default.png; sourceTree = "<group>"; };
		AB723CFF16CCB6700077F7F5 /* Default@2x.png */ = {isa = PBXFileReference; lastKnownFileType = image.png; path = "Default@2x.png"; sourceTree = "<group>"; };
		AB723D0116CCB6700077F7F5 /* Default-568h@2x.png */ = {isa = PBXFileReference; lastKnownFileType = image.png; path = "Default-568h@2x.png"; sourceTree = "<group>"; };
		AB723D0416CCB6700077F7F5 /* en */ = {isa = PBXFileReference; lastKnownFileType = file.storyboard; name = en; path = en.lproj/MainStoryboard_iPhone.storyboard; sourceTree = "<group>"; };
		AB723D0916CCB6700077F7F5 /* SCLearnViewController.h */ = {isa = PBXFileReference; lastKnownFileType = sourcecode.c.h; path = SCLearnViewController.h; sourceTree = "<group>"; };
		AB723D0A16CCB6700077F7F5 /* SCLearnViewController.m */ = {isa = PBXFileReference; lastKnownFileType = sourcecode.c.objc; path = SCLearnViewController.m; sourceTree = "<group>"; };
		AB723D1C16CCB6700077F7F5 /* SolveTheCube2Tests.xctest */ = {isa = PBXFileReference; explicitFileType = wrapper.cfbundle; includeInIndex = 0; path = SolveTheCube2Tests.xctest; sourceTree = BUILT_PRODUCTS_DIR; };
		AB723D2516CCB6700077F7F5 /* SolveTheCube2Tests-Info.plist */ = {isa = PBXFileReference; lastKnownFileType = text.plist.xml; path = "SolveTheCube2Tests-Info.plist"; sourceTree = "<group>"; };
		AB723D2716CCB6700077F7F5 /* en */ = {isa = PBXFileReference; lastKnownFileType = text.plist.strings; name = en; path = en.lproj/InfoPlist.strings; sourceTree = "<group>"; };
		AB723D2916CCB6700077F7F5 /* SolveTheCube2Tests.h */ = {isa = PBXFileReference; lastKnownFileType = sourcecode.c.h; path = SolveTheCube2Tests.h; sourceTree = "<group>"; };
		AB723D2A16CCB6700077F7F5 /* SolveTheCube2Tests.m */ = {isa = PBXFileReference; lastKnownFileType = sourcecode.c.objc; path = SolveTheCube2Tests.m; sourceTree = "<group>"; };
		AB88BA221734BED2008FC823 /* F2L-1.gif */ = {isa = PBXFileReference; lastKnownFileType = image.gif; path = "F2L-1.gif"; sourceTree = "<group>"; };
		AB88BA231734BED2008FC823 /* F2L-2.gif */ = {isa = PBXFileReference; lastKnownFileType = image.gif; path = "F2L-2.gif"; sourceTree = "<group>"; };
		AB88BA241734BED2008FC823 /* F2L-3.gif */ = {isa = PBXFileReference; lastKnownFileType = image.gif; path = "F2L-3.gif"; sourceTree = "<group>"; };
		AB88BA251734BED2008FC823 /* F2L-4.gif */ = {isa = PBXFileReference; lastKnownFileType = image.gif; path = "F2L-4.gif"; sourceTree = "<group>"; };
		AB88BA261734BED2008FC823 /* F2L-5.gif */ = {isa = PBXFileReference; lastKnownFileType = image.gif; path = "F2L-5.gif"; sourceTree = "<group>"; };
		AB88BA271734BED2008FC823 /* F2L-6.gif */ = {isa = PBXFileReference; lastKnownFileType = image.gif; path = "F2L-6.gif"; sourceTree = "<group>"; };
		AB88BA281734BED2008FC823 /* F2L-7.gif */ = {isa = PBXFileReference; lastKnownFileType = image.gif; path = "F2L-7.gif"; sourceTree = "<group>"; };
		AB88BA291734BED2008FC823 /* F2L-8.gif */ = {isa = PBXFileReference; lastKnownFileType = image.gif; path = "F2L-8.gif"; sourceTree = "<group>"; };
		AB88BA2A1734BED2008FC823 /* F2L-9.gif */ = {isa = PBXFileReference; lastKnownFileType = image.gif; path = "F2L-9.gif"; sourceTree = "<group>"; };
		AB88BA2B1734BED2008FC823 /* F2L-10.gif */ = {isa = PBXFileReference; lastKnownFileType = image.gif; path = "F2L-10.gif"; sourceTree = "<group>"; };
		AB88BA2C1734BED2008FC823 /* F2L-11.gif */ = {isa = PBXFileReference; lastKnownFileType = image.gif; path = "F2L-11.gif"; sourceTree = "<group>"; };
		AB88BA2D1734BED2008FC823 /* F2L-12.gif */ = {isa = PBXFileReference; lastKnownFileType = image.gif; path = "F2L-12.gif"; sourceTree = "<group>"; };
		AB88BA2E1734BED2008FC823 /* F2L-13.gif */ = {isa = PBXFileReference; lastKnownFileType = image.gif; path = "F2L-13.gif"; sourceTree = "<group>"; };
		AB88BA2F1734BED2008FC823 /* F2L-14.gif */ = {isa = PBXFileReference; lastKnownFileType = image.gif; path = "F2L-14.gif"; sourceTree = "<group>"; };
		AB88BA301734BED2008FC823 /* F2L-15.gif */ = {isa = PBXFileReference; lastKnownFileType = image.gif; path = "F2L-15.gif"; sourceTree = "<group>"; };
		AB88BA311734BED2008FC823 /* F2L-16.gif */ = {isa = PBXFileReference; lastKnownFileType = image.gif; path = "F2L-16.gif"; sourceTree = "<group>"; };
		AB88BA321734BED2008FC823 /* F2L-17.gif */ = {isa = PBXFileReference; lastKnownFileType = image.gif; path = "F2L-17.gif"; sourceTree = "<group>"; };
		AB88BA331734BED2008FC823 /* F2L-18.gif */ = {isa = PBXFileReference; lastKnownFileType = image.gif; path = "F2L-18.gif"; sourceTree = "<group>"; };
		AB88BA341734BED2008FC823 /* F2L-19.gif */ = {isa = PBXFileReference; lastKnownFileType = image.gif; path = "F2L-19.gif"; sourceTree = "<group>"; };
		AB88BA351734BED2008FC823 /* F2L-20.gif */ = {isa = PBXFileReference; lastKnownFileType = image.gif; path = "F2L-20.gif"; sourceTree = "<group>"; };
		AB88BA361734BED2008FC823 /* F2L-21.gif */ = {isa = PBXFileReference; lastKnownFileType = image.gif; path = "F2L-21.gif"; sourceTree = "<group>"; };
		AB88BA371734BED2008FC823 /* F2L-22.gif */ = {isa = PBXFileReference; lastKnownFileType = image.gif; path = "F2L-22.gif"; sourceTree = "<group>"; };
		AB88BA4E1734BEF0008FC823 /* OLL-1.gif */ = {isa = PBXFileReference; lastKnownFileType = image.gif; path = "OLL-1.gif"; sourceTree = "<group>"; };
		AB88BA4F1734BEF0008FC823 /* OLL-2.gif */ = {isa = PBXFileReference; lastKnownFileType = image.gif; path = "OLL-2.gif"; sourceTree = "<group>"; };
		AB88BA501734BEF0008FC823 /* OLL-3.gif */ = {isa = PBXFileReference; lastKnownFileType = image.gif; path = "OLL-3.gif"; sourceTree = "<group>"; };
		AB88BA511734BEF0008FC823 /* OLL-4.gif */ = {isa = PBXFileReference; lastKnownFileType = image.gif; path = "OLL-4.gif"; sourceTree = "<group>"; };
		AB88BA521734BEF0008FC823 /* OLL-5.gif */ = {isa = PBXFileReference; lastKnownFileType = image.gif; path = "OLL-5.gif"; sourceTree = "<group>"; };
		AB88BA531734BEF0008FC823 /* OLL-6.gif */ = {isa = PBXFileReference; lastKnownFileType = image.gif; path = "OLL-6.gif"; sourceTree = "<group>"; };
		AB88BA541734BEF0008FC823 /* OLL-7.gif */ = {isa = PBXFileReference; lastKnownFileType = image.gif; path = "OLL-7.gif"; sourceTree = "<group>"; };
		AB88BA551734BEF0008FC823 /* OLL-8.gif */ = {isa = PBXFileReference; lastKnownFileType = image.gif; path = "OLL-8.gif"; sourceTree = "<group>"; };
		AB88BA561734BEF0008FC823 /* OLL-9.gif */ = {isa = PBXFileReference; lastKnownFileType = image.gif; path = "OLL-9.gif"; sourceTree = "<group>"; };
		AB88BA571734BEF0008FC823 /* OLL-10.gif */ = {isa = PBXFileReference; lastKnownFileType = image.gif; path = "OLL-10.gif"; sourceTree = "<group>"; };
		AB88BA581734BEF0008FC823 /* OLL-11.gif */ = {isa = PBXFileReference; lastKnownFileType = image.gif; path = "OLL-11.gif"; sourceTree = "<group>"; };
		AB88BA591734BEF0008FC823 /* OLL-12.gif */ = {isa = PBXFileReference; lastKnownFileType = image.gif; path = "OLL-12.gif"; sourceTree = "<group>"; };
		AB88BA5A1734BEF0008FC823 /* OLL-13.gif */ = {isa = PBXFileReference; lastKnownFileType = image.gif; path = "OLL-13.gif"; sourceTree = "<group>"; };
		AB88BA5B1734BEF0008FC823 /* OLL-14.gif */ = {isa = PBXFileReference; lastKnownFileType = image.gif; path = "OLL-14.gif"; sourceTree = "<group>"; };
		AB88BA5C1734BEF0008FC823 /* OLL-15.gif */ = {isa = PBXFileReference; lastKnownFileType = image.gif; path = "OLL-15.gif"; sourceTree = "<group>"; };
		AB88BA5D1734BEF0008FC823 /* OLL-16.gif */ = {isa = PBXFileReference; lastKnownFileType = image.gif; path = "OLL-16.gif"; sourceTree = "<group>"; };
		AB88BA5E1734BEF0008FC823 /* OLL-17.gif */ = {isa = PBXFileReference; lastKnownFileType = image.gif; path = "OLL-17.gif"; sourceTree = "<group>"; };
		AB88BA5F1734BEF0008FC823 /* OLL-18.gif */ = {isa = PBXFileReference; lastKnownFileType = image.gif; path = "OLL-18.gif"; sourceTree = "<group>"; };
		AB88BA601734BEF0008FC823 /* OLL-19.gif */ = {isa = PBXFileReference; lastKnownFileType = image.gif; path = "OLL-19.gif"; sourceTree = "<group>"; };
		AB88BA611734BEF0008FC823 /* OLL-20.gif */ = {isa = PBXFileReference; lastKnownFileType = image.gif; path = "OLL-20.gif"; sourceTree = "<group>"; };
		AB88BA621734BEF0008FC823 /* OLL-21.gif */ = {isa = PBXFileReference; lastKnownFileType = image.gif; path = "OLL-21.gif"; sourceTree = "<group>"; };
		AB88BA631734BEF0008FC823 /* OLL-22.gif */ = {isa = PBXFileReference; lastKnownFileType = image.gif; path = "OLL-22.gif"; sourceTree = "<group>"; };
		AB88BA641734BEF0008FC823 /* OLL-23.gif */ = {isa = PBXFileReference; lastKnownFileType = image.gif; path = "OLL-23.gif"; sourceTree = "<group>"; };
		AB88BA651734BEF0008FC823 /* OLL-24.gif */ = {isa = PBXFileReference; lastKnownFileType = image.gif; path = "OLL-24.gif"; sourceTree = "<group>"; };
		AB88BA661734BEF0008FC823 /* OLL-25.gif */ = {isa = PBXFileReference; lastKnownFileType = image.gif; path = "OLL-25.gif"; sourceTree = "<group>"; };
		AB88BA671734BEF0008FC823 /* OLL-26.gif */ = {isa = PBXFileReference; lastKnownFileType = image.gif; path = "OLL-26.gif"; sourceTree = "<group>"; };
		AB88BA681734BEF0008FC823 /* OLL-27.gif */ = {isa = PBXFileReference; lastKnownFileType = image.gif; path = "OLL-27.gif"; sourceTree = "<group>"; };
		AB88BA691734BEF0008FC823 /* OLL-28.gif */ = {isa = PBXFileReference; lastKnownFileType = image.gif; path = "OLL-28.gif"; sourceTree = "<group>"; };
		AB88BA6A1734BEF0008FC823 /* OLL-29.gif */ = {isa = PBXFileReference; lastKnownFileType = image.gif; path = "OLL-29.gif"; sourceTree = "<group>"; };
		AB88BA6B1734BEF0008FC823 /* OLL-30.gif */ = {isa = PBXFileReference; lastKnownFileType = image.gif; path = "OLL-30.gif"; sourceTree = "<group>"; };
		AB88BA6C1734BEF0008FC823 /* OLL-31.gif */ = {isa = PBXFileReference; lastKnownFileType = image.gif; path = "OLL-31.gif"; sourceTree = "<group>"; };
		AB88BA6D1734BEF0008FC823 /* OLL-32.gif */ = {isa = PBXFileReference; lastKnownFileType = image.gif; path = "OLL-32.gif"; sourceTree = "<group>"; };
		AB88BA6E1734BEF0008FC823 /* OLL-33.gif */ = {isa = PBXFileReference; lastKnownFileType = image.gif; path = "OLL-33.gif"; sourceTree = "<group>"; };
		AB88BA6F1734BEF0008FC823 /* OLL-34.gif */ = {isa = PBXFileReference; lastKnownFileType = image.gif; path = "OLL-34.gif"; sourceTree = "<group>"; };
		AB88BA701734BEF0008FC823 /* OLL-35.gif */ = {isa = PBXFileReference; lastKnownFileType = image.gif; path = "OLL-35.gif"; sourceTree = "<group>"; };
		AB88BA711734BEF0008FC823 /* OLL-36.gif */ = {isa = PBXFileReference; lastKnownFileType = image.gif; path = "OLL-36.gif"; sourceTree = "<group>"; };
		AB88BA721734BEF0008FC823 /* OLL-37.gif */ = {isa = PBXFileReference; lastKnownFileType = image.gif; path = "OLL-37.gif"; sourceTree = "<group>"; };
		AB88BA731734BEF0008FC823 /* OLL-38.gif */ = {isa = PBXFileReference; lastKnownFileType = image.gif; path = "OLL-38.gif"; sourceTree = "<group>"; };
		AB88BA741734BEF0008FC823 /* OLL-39.gif */ = {isa = PBXFileReference; lastKnownFileType = image.gif; path = "OLL-39.gif"; sourceTree = "<group>"; };
		AB88BA751734BEF0008FC823 /* OLL-40.gif */ = {isa = PBXFileReference; lastKnownFileType = image.gif; path = "OLL-40.gif"; sourceTree = "<group>"; };
		AB88BA9E1734BF04008FC823 /* PLL-1.gif */ = {isa = PBXFileReference; lastKnownFileType = image.gif; path = "PLL-1.gif"; sourceTree = "<group>"; };
		AB88BA9F1734BF04008FC823 /* PLL-2.gif */ = {isa = PBXFileReference; lastKnownFileType = image.gif; path = "PLL-2.gif"; sourceTree = "<group>"; };
		AB88BAA01734BF04008FC823 /* PLL-3.gif */ = {isa = PBXFileReference; lastKnownFileType = image.gif; path = "PLL-3.gif"; sourceTree = "<group>"; };
		AB88BAA11734BF04008FC823 /* PLL-4.gif */ = {isa = PBXFileReference; lastKnownFileType = image.gif; path = "PLL-4.gif"; sourceTree = "<group>"; };
		AB88BAA21734BF04008FC823 /* PLL-5.gif */ = {isa = PBXFileReference; lastKnownFileType = image.gif; path = "PLL-5.gif"; sourceTree = "<group>"; };
		AB88BAA31734BF04008FC823 /* PLL-6.gif */ = {isa = PBXFileReference; lastKnownFileType = image.gif; path = "PLL-6.gif"; sourceTree = "<group>"; };
		AB88BAA41734BF04008FC823 /* PLL-7.gif */ = {isa = PBXFileReference; lastKnownFileType = image.gif; path = "PLL-7.gif"; sourceTree = "<group>"; };
		AB88BAA51734BF04008FC823 /* PLL-8.gif */ = {isa = PBXFileReference; lastKnownFileType = image.gif; path = "PLL-8.gif"; sourceTree = "<group>"; };
		AB88BAA61734BF04008FC823 /* PLL-9.gif */ = {isa = PBXFileReference; lastKnownFileType = image.gif; path = "PLL-9.gif"; sourceTree = "<group>"; };
		AB88BAA71734BF04008FC823 /* PLL-10.gif */ = {isa = PBXFileReference; lastKnownFileType = image.gif; path = "PLL-10.gif"; sourceTree = "<group>"; };
		AB88BAA81734BF04008FC823 /* PLL-11.gif */ = {isa = PBXFileReference; lastKnownFileType = image.gif; path = "PLL-11.gif"; sourceTree = "<group>"; };
		AB88BAA91734BF04008FC823 /* PLL-12.gif */ = {isa = PBXFileReference; lastKnownFileType = image.gif; path = "PLL-12.gif"; sourceTree = "<group>"; };
		AB88BAAA1734BF04008FC823 /* PLL-13.gif */ = {isa = PBXFileReference; lastKnownFileType = image.gif; path = "PLL-13.gif"; sourceTree = "<group>"; };
		AB88BAAB1734BF04008FC823 /* PLL-14.gif */ = {isa = PBXFileReference; lastKnownFileType = image.gif; path = "PLL-14.gif"; sourceTree = "<group>"; };
		AB88BAAC1734BF04008FC823 /* PLL-15.gif */ = {isa = PBXFileReference; lastKnownFileType = image.gif; path = "PLL-15.gif"; sourceTree = "<group>"; };
		AB88BAAD1734BF04008FC823 /* PLL-16.gif */ = {isa = PBXFileReference; lastKnownFileType = image.gif; path = "PLL-16.gif"; sourceTree = "<group>"; };
		AB88BAAE1734BF04008FC823 /* PLL-17.gif */ = {isa = PBXFileReference; lastKnownFileType = image.gif; path = "PLL-17.gif"; sourceTree = "<group>"; };
		AB88BAAF1734BF04008FC823 /* PLL-18.gif */ = {isa = PBXFileReference; lastKnownFileType = image.gif; path = "PLL-18.gif"; sourceTree = "<group>"; };
		AB88BAB01734BF04008FC823 /* PLL-19.gif */ = {isa = PBXFileReference; lastKnownFileType = image.gif; path = "PLL-19.gif"; sourceTree = "<group>"; };
		AB88BAB11734BF04008FC823 /* PLL-20.gif */ = {isa = PBXFileReference; lastKnownFileType = image.gif; path = "PLL-20.gif"; sourceTree = "<group>"; };
		AB88BAB21734BF04008FC823 /* PLL-21.gif */ = {isa = PBXFileReference; lastKnownFileType = image.gif; path = "PLL-21.gif"; sourceTree = "<group>"; };
		AB88BAC81734C130008FC823 /* MCSwipeTableViewCell.h */ = {isa = PBXFileReference; fileEncoding = 4; lastKnownFileType = sourcecode.c.h; path = MCSwipeTableViewCell.h; sourceTree = "<group>"; };
		AB88BAC91734C130008FC823 /* MCSwipeTableViewCell.m */ = {isa = PBXFileReference; fileEncoding = 4; lastKnownFileType = sourcecode.c.objc; path = MCSwipeTableViewCell.m; sourceTree = "<group>"; };
		AB88BACD1734C216008FC823 /* check.png */ = {isa = PBXFileReference; lastKnownFileType = image.png; path = check.png; sourceTree = "<group>"; };
		AB88BACE1734C216008FC823 /* check@2x.png */ = {isa = PBXFileReference; lastKnownFileType = image.png; path = "check@2x.png"; sourceTree = "<group>"; };
		AB88BACF1734C216008FC823 /* clock.png */ = {isa = PBXFileReference; lastKnownFileType = image.png; path = clock.png; sourceTree = "<group>"; };
		AB88BAD01734C216008FC823 /* clock@2x.png */ = {isa = PBXFileReference; lastKnownFileType = image.png; path = "clock@2x.png"; sourceTree = "<group>"; };
		AB88BAD11734C216008FC823 /* cross.png */ = {isa = PBXFileReference; lastKnownFileType = image.png; path = cross.png; sourceTree = "<group>"; };
		AB88BAD21734C216008FC823 /* cross@2x.png */ = {isa = PBXFileReference; lastKnownFileType = image.png; path = "cross@2x.png"; sourceTree = "<group>"; };
		AB88BAD31734C216008FC823 /* list.png */ = {isa = PBXFileReference; lastKnownFileType = image.png; path = list.png; sourceTree = "<group>"; };
		AB88BAD41734C216008FC823 /* list@2x.png */ = {isa = PBXFileReference; lastKnownFileType = image.png; path = "list@2x.png"; sourceTree = "<group>"; };
		AB88BAE61734C689008FC823 /* Algorithm.h */ = {isa = PBXFileReference; fileEncoding = 4; lastKnownFileType = sourcecode.c.h; name = Algorithm.h; path = ../Algorithm.h; sourceTree = "<group>"; };
		AB88BAE71734C68A008FC823 /* Algorithm.m */ = {isa = PBXFileReference; fileEncoding = 4; lastKnownFileType = sourcecode.c.objc; name = Algorithm.m; path = ../Algorithm.m; sourceTree = "<group>"; };
		AB88BAF01734D61D008FC823 /* SCBookmarkViewController.h */ = {isa = PBXFileReference; fileEncoding = 4; lastKnownFileType = sourcecode.c.h; name = SCBookmarkViewController.h; path = ../SCBookmarkViewController.h; sourceTree = "<group>"; };
		AB88BAF11734D61D008FC823 /* SCBookmarkViewController.m */ = {isa = PBXFileReference; fileEncoding = 4; lastKnownFileType = sourcecode.c.objc; name = SCBookmarkViewController.m; path = ../SCBookmarkViewController.m; sourceTree = "<group>"; };
		AB88BAFD17356B54008FC823 /* white-tabbar-background@2x.png */ = {isa = PBXFileReference; lastKnownFileType = image.png; name = "white-tabbar-background@2x.png"; path = "../white-tabbar-background@2x.png"; sourceTree = "<group>"; };
		AB88BB0117356D1E008FC823 /* white-tabbar-selected@2x.png */ = {isa = PBXFileReference; lastKnownFileType = image.png; name = "white-tabbar-selected@2x.png"; path = "../white-tabbar-selected@2x.png"; sourceTree = "<group>"; };
		AB88BB0517357737008FC823 /* MBProgressHUD.h */ = {isa = PBXFileReference; fileEncoding = 4; lastKnownFileType = sourcecode.c.h; path = MBProgressHUD.h; sourceTree = "<group>"; };
		AB88BB0617357738008FC823 /* MBProgressHUD.m */ = {isa = PBXFileReference; fileEncoding = 4; lastKnownFileType = sourcecode.c.objc; path = MBProgressHUD.m; sourceTree = "<group>"; };
		AB88BB7E1736C7AC008FC823 /* brown-bookmark@2x.png */ = {isa = PBXFileReference; lastKnownFileType = image.png; path = "brown-bookmark@2x.png"; sourceTree = "<group>"; };
		ABA6699516CD7A4000F2ABE6 /* SCAlgorithmViewController.h */ = {isa = PBXFileReference; fileEncoding = 4; lastKnownFileType = sourcecode.c.h; name = SCAlgorithmViewController.h; path = ../SCAlgorithmViewController.h; sourceTree = "<group>"; };
		ABA6699616CD7A4000F2ABE6 /* SCAlgorithmViewController.m */ = {isa = PBXFileReference; fileEncoding = 4; lastKnownFileType = sourcecode.c.objc; name = SCAlgorithmViewController.m; path = ../SCAlgorithmViewController.m; sourceTree = "<group>"; };
		ABA6699F16CD81A300F2ABE6 /* F2L.plist */ = {isa = PBXFileReference; fileEncoding = 4; lastKnownFileType = text.plist.xml; path = F2L.plist; sourceTree = "<group>"; };
		ABA66A1F16CD977300F2ABE6 /* OLL.plist */ = {isa = PBXFileReference; fileEncoding = 4; lastKnownFileType = text.plist.xml; path = OLL.plist; sourceTree = "<group>"; };
		ABA66A4C16CD980400F2ABE6 /* PLL.plist */ = {isa = PBXFileReference; fileEncoding = 4; lastKnownFileType = text.plist.xml; path = PLL.plist; sourceTree = "<group>"; };
		ABC52C96173826CF0068B939 /* UIViewController+SChelper.h */ = {isa = PBXFileReference; fileEncoding = 4; lastKnownFileType = sourcecode.c.h; name = "UIViewController+SChelper.h"; path = "../UIViewController+SChelper.h"; sourceTree = "<group>"; };
		ABC52C97173826CF0068B939 /* UIViewController+SChelper.m */ = {isa = PBXFileReference; fileEncoding = 4; lastKnownFileType = sourcecode.c.objc; name = "UIViewController+SChelper.m"; path = "../UIViewController+SChelper.m"; sourceTree = "<group>"; };
		ABC52C9D173839AA0068B939 /* tutorial.pdf */ = {isa = PBXFileReference; lastKnownFileType = image.pdf; path = tutorial.pdf; sourceTree = "<group>"; };
/* End PBXFileReference section */

/* Begin PBXFrameworksBuildPhase section */
		AB723CE516CCB6700077F7F5 /* Frameworks */ = {
			isa = PBXFrameworksBuildPhase;
			buildActionMask = 2147483647;
			files = (
				AB723CEC16CCB6700077F7F5 /* UIKit.framework in Frameworks */,
				AB723CEE16CCB6700077F7F5 /* Foundation.framework in Frameworks */,
				AB723CF016CCB6700077F7F5 /* CoreGraphics.framework in Frameworks */,
			);
			runOnlyForDeploymentPostprocessing = 0;
		};
		AB723D1816CCB6700077F7F5 /* Frameworks */ = {
			isa = PBXFrameworksBuildPhase;
			buildActionMask = 2147483647;
			files = (
				AB723D1F16CCB6700077F7F5 /* UIKit.framework in Frameworks */,
				AB723D2016CCB6700077F7F5 /* Foundation.framework in Frameworks */,
			);
			runOnlyForDeploymentPostprocessing = 0;
		};
/* End PBXFrameworksBuildPhase section */

/* Begin PBXGroup section */
		AB5351D019C4C3E100A64554 /* UIColor+FlatUI */ = {
			isa = PBXGroup;
			children = (
				AB5351CD19C4C3DB00A64554 /* UIColor+FlatUI.h */,
				AB5351CE19C4C3DB00A64554 /* UIColor+FlatUI.m */,
			);
			name = "UIColor+FlatUI";
			sourceTree = "<group>";
		};
		AB723CDF16CCB6700077F7F5 = {
			isa = PBXGroup;
			children = (
				AB5351D119C4C92500A64554 /* Media.xcassets */,
				AB88BACB1734C139008FC823 /* MCSwipeTableViewCell */,
				AB5351D019C4C3E100A64554 /* UIColor+FlatUI */,
				AB88BB691736033D008FC823 /* MBProgressHUD */,
				AB88BACC1734C216008FC823 /* Images */,
				ABC52C9D173839AA0068B939 /* tutorial.pdf */,
				ABA66A2116CD977700F2ABE6 /* PLL */,
				ABA669CE16CD975900F2ABE6 /* OLL */,
				ABA669CD16CD967C00F2ABE6 /* F2L */,
				ABA6699E16CD7BED00F2ABE6 /* Icon */,
				AB723CF116CCB6700077F7F5 /* SolveTheCube2 */,
				AB723D2316CCB6700077F7F5 /* SolveTheCube2Tests */,
				AB723CEA16CCB6700077F7F5 /* Frameworks */,
				AB723CE916CCB6700077F7F5 /* Products */,
			);
			sourceTree = "<group>";
		};
		AB723CE916CCB6700077F7F5 /* Products */ = {
			isa = PBXGroup;
			children = (
				AB723CE816CCB6700077F7F5 /* SolveTheCube.app */,
				AB723D1C16CCB6700077F7F5 /* SolveTheCube2Tests.xctest */,
			);
			name = Products;
			sourceTree = "<group>";
		};
		AB723CEA16CCB6700077F7F5 /* Frameworks */ = {
			isa = PBXGroup;
			children = (
				AB723CEB16CCB6700077F7F5 /* UIKit.framework */,
				AB723CED16CCB6700077F7F5 /* Foundation.framework */,
				AB723CEF16CCB6700077F7F5 /* CoreGraphics.framework */,
			);
			name = Frameworks;
			sourceTree = "<group>";
		};
		AB723CF116CCB6700077F7F5 /* SolveTheCube2 */ = {
			isa = PBXGroup;
			children = (
				AB88BAE61734C689008FC823 /* Algorithm.h */,
				AB88BAE71734C68A008FC823 /* Algorithm.m */,
				AB723CFA16CCB6700077F7F5 /* SCAppDelegate.h */,
				AB723CFB16CCB6700077F7F5 /* SCAppDelegate.m */,
				ABC52C96173826CF0068B939 /* UIViewController+SChelper.h */,
				ABC52C97173826CF0068B939 /* UIViewController+SChelper.m */,
				AB723D0316CCB6700077F7F5 /* MainStoryboard_iPhone.storyboard */,
				AB88BAF01734D61D008FC823 /* SCBookmarkViewController.h */,
				AB88BAF11734D61D008FC823 /* SCBookmarkViewController.m */,
				ABA6699516CD7A4000F2ABE6 /* SCAlgorithmViewController.h */,
				ABA6699616CD7A4000F2ABE6 /* SCAlgorithmViewController.m */,
				AB723D0916CCB6700077F7F5 /* SCLearnViewController.h */,
				AB723D0A16CCB6700077F7F5 /* SCLearnViewController.m */,
				AB723CF216CCB6700077F7F5 /* Supporting Files */,
			);
			path = SolveTheCube2;
			sourceTree = "<group>";
		};
		AB723CF216CCB6700077F7F5 /* Supporting Files */ = {
			isa = PBXGroup;
			children = (
				AB723CF316CCB6700077F7F5 /* SolveTheCube2-Info.plist */,
				AB723CF416CCB6700077F7F5 /* InfoPlist.strings */,
				AB723CF716CCB6700077F7F5 /* main.m */,
				AB723CF916CCB6700077F7F5 /* SolveTheCube2-Prefix.pch */,
				AB723CFD16CCB6700077F7F5 /* Default.png */,
				AB723CFF16CCB6700077F7F5 /* Default@2x.png */,
				AB723D0116CCB6700077F7F5 /* Default-568h@2x.png */,
			);
			name = "Supporting Files";
			sourceTree = "<group>";
		};
		AB723D2316CCB6700077F7F5 /* SolveTheCube2Tests */ = {
			isa = PBXGroup;
			children = (
				AB723D2916CCB6700077F7F5 /* SolveTheCube2Tests.h */,
				AB723D2A16CCB6700077F7F5 /* SolveTheCube2Tests.m */,
				AB723D2416CCB6700077F7F5 /* Supporting Files */,
			);
			path = SolveTheCube2Tests;
			sourceTree = "<group>";
		};
		AB723D2416CCB6700077F7F5 /* Supporting Files */ = {
			isa = PBXGroup;
			children = (
				AB723D2516CCB6700077F7F5 /* SolveTheCube2Tests-Info.plist */,
				AB723D2616CCB6700077F7F5 /* InfoPlist.strings */,
			);
			name = "Supporting Files";
			sourceTree = "<group>";
		};
		AB88BACB1734C139008FC823 /* MCSwipeTableViewCell */ = {
			isa = PBXGroup;
			children = (
				AB88BAC81734C130008FC823 /* MCSwipeTableViewCell.h */,
				AB88BAC91734C130008FC823 /* MCSwipeTableViewCell.m */,
			);
			name = MCSwipeTableViewCell;
			sourceTree = "<group>";
		};
		AB88BACC1734C216008FC823 /* Images */ = {
			isa = PBXGroup;
			children = (
				AB88BB0117356D1E008FC823 /* white-tabbar-selected@2x.png */,
				AB88BAFD17356B54008FC823 /* white-tabbar-background@2x.png */,
				AB88BACD1734C216008FC823 /* check.png */,
				AB88BACE1734C216008FC823 /* check@2x.png */,
				AB88BACF1734C216008FC823 /* clock.png */,
				AB88BAD01734C216008FC823 /* clock@2x.png */,
				AB88BAD11734C216008FC823 /* cross.png */,
				AB88BAD21734C216008FC823 /* cross@2x.png */,
				AB88BAD31734C216008FC823 /* list.png */,
				AB88BAD41734C216008FC823 /* list@2x.png */,
			);
			path = Images;
			sourceTree = "<group>";
		};
		AB88BB691736033D008FC823 /* MBProgressHUD */ = {
			isa = PBXGroup;
			children = (
				AB88BB0517357737008FC823 /* MBProgressHUD.h */,
				AB88BB0617357738008FC823 /* MBProgressHUD.m */,
			);
			name = MBProgressHUD;
			sourceTree = "<group>";
		};
		ABA6699E16CD7BED00F2ABE6 /* Icon */ = {
			isa = PBXGroup;
			children = (
				AB2C164E173708BC00EAE717 /* placeholder.png */,
				AB2C164C1736FFF200EAE717 /* brown-bar@2x.png */,
				AB88BB7E1736C7AC008FC823 /* brown-bookmark@2x.png */,
			);
			name = Icon;
			sourceTree = "<group>";
		};
		ABA669CD16CD967C00F2ABE6 /* F2L */ = {
			isa = PBXGroup;
			children = (
				AB88BA221734BED2008FC823 /* F2L-1.gif */,
				AB88BA231734BED2008FC823 /* F2L-2.gif */,
				AB88BA241734BED2008FC823 /* F2L-3.gif */,
				AB88BA251734BED2008FC823 /* F2L-4.gif */,
				AB88BA261734BED2008FC823 /* F2L-5.gif */,
				AB88BA271734BED2008FC823 /* F2L-6.gif */,
				AB88BA281734BED2008FC823 /* F2L-7.gif */,
				AB88BA291734BED2008FC823 /* F2L-8.gif */,
				AB88BA2A1734BED2008FC823 /* F2L-9.gif */,
				AB88BA2B1734BED2008FC823 /* F2L-10.gif */,
				AB88BA2C1734BED2008FC823 /* F2L-11.gif */,
				AB88BA2D1734BED2008FC823 /* F2L-12.gif */,
				AB88BA2E1734BED2008FC823 /* F2L-13.gif */,
				AB88BA2F1734BED2008FC823 /* F2L-14.gif */,
				AB88BA301734BED2008FC823 /* F2L-15.gif */,
				AB88BA311734BED2008FC823 /* F2L-16.gif */,
				AB88BA321734BED2008FC823 /* F2L-17.gif */,
				AB88BA331734BED2008FC823 /* F2L-18.gif */,
				AB88BA341734BED2008FC823 /* F2L-19.gif */,
				AB88BA351734BED2008FC823 /* F2L-20.gif */,
				AB88BA361734BED2008FC823 /* F2L-21.gif */,
				AB88BA371734BED2008FC823 /* F2L-22.gif */,
				ABA6699F16CD81A300F2ABE6 /* F2L.plist */,
			);
			name = F2L;
			sourceTree = "<group>";
		};
		ABA669CE16CD975900F2ABE6 /* OLL */ = {
			isa = PBXGroup;
			children = (
				AB88BA4E1734BEF0008FC823 /* OLL-1.gif */,
				AB88BA4F1734BEF0008FC823 /* OLL-2.gif */,
				AB88BA501734BEF0008FC823 /* OLL-3.gif */,
				AB88BA511734BEF0008FC823 /* OLL-4.gif */,
				AB88BA521734BEF0008FC823 /* OLL-5.gif */,
				AB88BA531734BEF0008FC823 /* OLL-6.gif */,
				AB88BA541734BEF0008FC823 /* OLL-7.gif */,
				AB88BA551734BEF0008FC823 /* OLL-8.gif */,
				AB88BA561734BEF0008FC823 /* OLL-9.gif */,
				AB88BA571734BEF0008FC823 /* OLL-10.gif */,
				AB88BA581734BEF0008FC823 /* OLL-11.gif */,
				AB88BA591734BEF0008FC823 /* OLL-12.gif */,
				AB88BA5A1734BEF0008FC823 /* OLL-13.gif */,
				AB88BA5B1734BEF0008FC823 /* OLL-14.gif */,
				AB88BA5C1734BEF0008FC823 /* OLL-15.gif */,
				AB88BA5D1734BEF0008FC823 /* OLL-16.gif */,
				AB88BA5E1734BEF0008FC823 /* OLL-17.gif */,
				AB88BA5F1734BEF0008FC823 /* OLL-18.gif */,
				AB88BA601734BEF0008FC823 /* OLL-19.gif */,
				AB88BA611734BEF0008FC823 /* OLL-20.gif */,
				AB88BA621734BEF0008FC823 /* OLL-21.gif */,
				AB88BA631734BEF0008FC823 /* OLL-22.gif */,
				AB88BA641734BEF0008FC823 /* OLL-23.gif */,
				AB88BA651734BEF0008FC823 /* OLL-24.gif */,
				AB88BA661734BEF0008FC823 /* OLL-25.gif */,
				AB88BA671734BEF0008FC823 /* OLL-26.gif */,
				AB88BA681734BEF0008FC823 /* OLL-27.gif */,
				AB88BA691734BEF0008FC823 /* OLL-28.gif */,
				AB88BA6A1734BEF0008FC823 /* OLL-29.gif */,
				AB88BA6B1734BEF0008FC823 /* OLL-30.gif */,
				AB88BA6C1734BEF0008FC823 /* OLL-31.gif */,
				AB88BA6D1734BEF0008FC823 /* OLL-32.gif */,
				AB88BA6E1734BEF0008FC823 /* OLL-33.gif */,
				AB88BA6F1734BEF0008FC823 /* OLL-34.gif */,
				AB88BA701734BEF0008FC823 /* OLL-35.gif */,
				AB88BA711734BEF0008FC823 /* OLL-36.gif */,
				AB88BA721734BEF0008FC823 /* OLL-37.gif */,
				AB88BA731734BEF0008FC823 /* OLL-38.gif */,
				AB88BA741734BEF0008FC823 /* OLL-39.gif */,
				AB88BA751734BEF0008FC823 /* OLL-40.gif */,
				ABA66A1F16CD977300F2ABE6 /* OLL.plist */,
			);
			name = OLL;
			sourceTree = "<group>";
		};
		ABA66A2116CD977700F2ABE6 /* PLL */ = {
			isa = PBXGroup;
			children = (
				AB88BA9E1734BF04008FC823 /* PLL-1.gif */,
				AB88BA9F1734BF04008FC823 /* PLL-2.gif */,
				AB88BAA01734BF04008FC823 /* PLL-3.gif */,
				AB88BAA11734BF04008FC823 /* PLL-4.gif */,
				AB88BAA21734BF04008FC823 /* PLL-5.gif */,
				AB88BAA31734BF04008FC823 /* PLL-6.gif */,
				AB88BAA41734BF04008FC823 /* PLL-7.gif */,
				AB88BAA51734BF04008FC823 /* PLL-8.gif */,
				AB88BAA61734BF04008FC823 /* PLL-9.gif */,
				AB88BAA71734BF04008FC823 /* PLL-10.gif */,
				AB88BAA81734BF04008FC823 /* PLL-11.gif */,
				AB88BAA91734BF04008FC823 /* PLL-12.gif */,
				AB88BAAA1734BF04008FC823 /* PLL-13.gif */,
				AB88BAAB1734BF04008FC823 /* PLL-14.gif */,
				AB88BAAC1734BF04008FC823 /* PLL-15.gif */,
				AB88BAAD1734BF04008FC823 /* PLL-16.gif */,
				AB88BAAE1734BF04008FC823 /* PLL-17.gif */,
				AB88BAAF1734BF04008FC823 /* PLL-18.gif */,
				AB88BAB01734BF04008FC823 /* PLL-19.gif */,
				AB88BAB11734BF04008FC823 /* PLL-20.gif */,
				AB88BAB21734BF04008FC823 /* PLL-21.gif */,
				ABA66A4C16CD980400F2ABE6 /* PLL.plist */,
			);
			name = PLL;
			sourceTree = "<group>";
		};
/* End PBXGroup section */

/* Begin PBXNativeTarget section */
		AB723CE716CCB6700077F7F5 /* SolveTheCube2 */ = {
			isa = PBXNativeTarget;
			buildConfigurationList = AB723D2E16CCB6700077F7F5 /* Build configuration list for PBXNativeTarget "SolveTheCube2" */;
			buildPhases = (
				AB723CE416CCB6700077F7F5 /* Sources */,
				AB723CE516CCB6700077F7F5 /* Frameworks */,
				AB723CE616CCB6700077F7F5 /* Resources */,
			);
			buildRules = (
			);
			dependencies = (
			);
			name = SolveTheCube2;
			productName = SolveTheCube2;
			productReference = AB723CE816CCB6700077F7F5 /* SolveTheCube.app */;
			productType = "com.apple.product-type.application";
		};
		AB723D1B16CCB6700077F7F5 /* SolveTheCube2Tests */ = {
			isa = PBXNativeTarget;
			buildConfigurationList = AB723D3116CCB6700077F7F5 /* Build configuration list for PBXNativeTarget "SolveTheCube2Tests" */;
			buildPhases = (
				AB723D1716CCB6700077F7F5 /* Sources */,
				AB723D1816CCB6700077F7F5 /* Frameworks */,
				AB723D1916CCB6700077F7F5 /* Resources */,
				AB723D1A16CCB6700077F7F5 /* ShellScript */,
			);
			buildRules = (
			);
			dependencies = (
				AB723D2216CCB6700077F7F5 /* PBXTargetDependency */,
			);
			name = SolveTheCube2Tests;
			productName = SolveTheCube2Tests;
			productReference = AB723D1C16CCB6700077F7F5 /* SolveTheCube2Tests.xctest */;
			productType = "com.apple.product-type.bundle.unit-test";
		};
/* End PBXNativeTarget section */

/* Begin PBXProject section */
		AB723CE016CCB6700077F7F5 /* Project object */ = {
			isa = PBXProject;
			attributes = {
				CLASSPREFIX = SC;
				LastTestingUpgradeCheck = 0510;
				LastUpgradeCheck = 0460;
				ORGANIZATIONNAME = "Tianyu Liu";
				TargetAttributes = {
					AB723CE716CCB6700077F7F5 = {
						DevelopmentTeam = N52ZC865AY;
					};
				};
			};
			buildConfigurationList = AB723CE316CCB6700077F7F5 /* Build configuration list for PBXProject "SolveTheCube2" */;
			compatibilityVersion = "Xcode 3.2";
			developmentRegion = English;
			hasScannedForEncodings = 0;
			knownRegions = (
				en,
			);
			mainGroup = AB723CDF16CCB6700077F7F5;
			productRefGroup = AB723CE916CCB6700077F7F5 /* Products */;
			projectDirPath = "";
			projectRoot = "";
			targets = (
				AB723CE716CCB6700077F7F5 /* SolveTheCube2 */,
				AB723D1B16CCB6700077F7F5 /* SolveTheCube2Tests */,
			);
		};
/* End PBXProject section */

/* Begin PBXResourcesBuildPhase section */
		AB723CE616CCB6700077F7F5 /* Resources */ = {
			isa = PBXResourcesBuildPhase;
			buildActionMask = 2147483647;
			files = (
				AB5351D219C4C92500A64554 /* Media.xcassets in Resources */,
				AB88BADE1734C3D3008FC823 /* check.png in Resources */,
				AB88BADF1734C3D3008FC823 /* check@2x.png in Resources */,
				AB88BAE01734C3D3008FC823 /* clock.png in Resources */,
				AB88BAE11734C3D3008FC823 /* clock@2x.png in Resources */,
				AB88BAE21734C3D3008FC823 /* cross.png in Resources */,
				AB88BAE31734C3D3008FC823 /* cross@2x.png in Resources */,
				AB88BAE41734C3D3008FC823 /* list.png in Resources */,
				AB88BAE51734C3D3008FC823 /* list@2x.png in Resources */,
				AB723CFE16CCB6700077F7F5 /* Default.png in Resources */,
				AB723D0016CCB6700077F7F5 /* Default@2x.png in Resources */,
				AB723D0216CCB6700077F7F5 /* Default-568h@2x.png in Resources */,
				AB723D0516CCB6700077F7F5 /* MainStoryboard_iPhone.storyboard in Resources */,
				ABA669A016CD81A300F2ABE6 /* F2L.plist in Resources */,
				ABA66A2016CD977300F2ABE6 /* OLL.plist in Resources */,
				ABA66A4D16CD980400F2ABE6 /* PLL.plist in Resources */,
				AB88BA381734BED2008FC823 /* F2L-1.gif in Resources */,
				AB88BA391734BED2008FC823 /* F2L-2.gif in Resources */,
				AB88BA3A1734BED2008FC823 /* F2L-3.gif in Resources */,
				AB88BA3B1734BED2008FC823 /* F2L-4.gif in Resources */,
				AB88BA3C1734BED2008FC823 /* F2L-5.gif in Resources */,
				AB88BA3D1734BED2008FC823 /* F2L-6.gif in Resources */,
				AB88BA3E1734BED2008FC823 /* F2L-7.gif in Resources */,
				AB88BA3F1734BED2008FC823 /* F2L-8.gif in Resources */,
				AB88BA401734BED2008FC823 /* F2L-9.gif in Resources */,
				AB88BA411734BED2008FC823 /* F2L-10.gif in Resources */,
				AB88BA421734BED2008FC823 /* F2L-11.gif in Resources */,
				AB88BA431734BED2008FC823 /* F2L-12.gif in Resources */,
				AB88BA441734BED2008FC823 /* F2L-13.gif in Resources */,
				AB88BA451734BED2008FC823 /* F2L-14.gif in Resources */,
				AB88BA461734BED2008FC823 /* F2L-15.gif in Resources */,
				AB88BA471734BED2008FC823 /* F2L-16.gif in Resources */,
				AB88BA481734BED2008FC823 /* F2L-17.gif in Resources */,
				AB88BA491734BED2008FC823 /* F2L-18.gif in Resources */,
				AB88BA4A1734BED2008FC823 /* F2L-19.gif in Resources */,
				AB88BA4B1734BED2008FC823 /* F2L-20.gif in Resources */,
				AB88BA4C1734BED2008FC823 /* F2L-21.gif in Resources */,
				AB88BA4D1734BED2008FC823 /* F2L-22.gif in Resources */,
				AB88BA761734BEF0008FC823 /* OLL-1.gif in Resources */,
				AB88BA771734BEF0008FC823 /* OLL-2.gif in Resources */,
				AB88BA781734BEF0008FC823 /* OLL-3.gif in Resources */,
				AB88BA791734BEF0008FC823 /* OLL-4.gif in Resources */,
				AB88BA7A1734BEF0008FC823 /* OLL-5.gif in Resources */,
				AB88BA7B1734BEF0008FC823 /* OLL-6.gif in Resources */,
				AB88BA7C1734BEF0008FC823 /* OLL-7.gif in Resources */,
				AB88BA7D1734BEF0008FC823 /* OLL-8.gif in Resources */,
				AB88BA7E1734BEF0008FC823 /* OLL-9.gif in Resources */,
				AB88BA7F1734BEF0008FC823 /* OLL-10.gif in Resources */,
				AB88BA801734BEF0008FC823 /* OLL-11.gif in Resources */,
				AB88BA811734BEF0008FC823 /* OLL-12.gif in Resources */,
				AB88BA821734BEF0008FC823 /* OLL-13.gif in Resources */,
				AB88BA831734BEF0008FC823 /* OLL-14.gif in Resources */,
				AB88BA841734BEF0008FC823 /* OLL-15.gif in Resources */,
				AB88BA851734BEF0008FC823 /* OLL-16.gif in Resources */,
				AB88BA861734BEF0008FC823 /* OLL-17.gif in Resources */,
				AB88BA871734BEF0008FC823 /* OLL-18.gif in Resources */,
				AB88BA881734BEF0008FC823 /* OLL-19.gif in Resources */,
				AB88BA891734BEF0008FC823 /* OLL-20.gif in Resources */,
				AB88BA8A1734BEF0008FC823 /* OLL-21.gif in Resources */,
				AB88BA8B1734BEF0008FC823 /* OLL-22.gif in Resources */,
				AB88BA8C1734BEF0008FC823 /* OLL-23.gif in Resources */,
				AB88BA8D1734BEF0008FC823 /* OLL-24.gif in Resources */,
				AB88BA8E1734BEF0008FC823 /* OLL-25.gif in Resources */,
				AB88BA8F1734BEF0008FC823 /* OLL-26.gif in Resources */,
				AB88BA901734BEF0008FC823 /* OLL-27.gif in Resources */,
				AB88BA911734BEF0008FC823 /* OLL-28.gif in Resources */,
				AB88BA921734BEF0008FC823 /* OLL-29.gif in Resources */,
				AB88BA931734BEF0008FC823 /* OLL-30.gif in Resources */,
				AB88BA941734BEF0008FC823 /* OLL-31.gif in Resources */,
				AB88BA951734BEF0008FC823 /* OLL-32.gif in Resources */,
				AB88BA961734BEF0008FC823 /* OLL-33.gif in Resources */,
				AB88BA971734BEF0008FC823 /* OLL-34.gif in Resources */,
				AB88BA981734BEF0008FC823 /* OLL-35.gif in Resources */,
				AB88BA991734BEF0008FC823 /* OLL-36.gif in Resources */,
				AB88BA9A1734BEF0008FC823 /* OLL-37.gif in Resources */,
				AB88BA9B1734BEF0008FC823 /* OLL-38.gif in Resources */,
				AB88BA9C1734BEF0008FC823 /* OLL-39.gif in Resources */,
				AB88BA9D1734BEF0008FC823 /* OLL-40.gif in Resources */,
				AB88BAB31734BF04008FC823 /* PLL-1.gif in Resources */,
				AB88BAB41734BF04008FC823 /* PLL-2.gif in Resources */,
				AB88BAB51734BF04008FC823 /* PLL-3.gif in Resources */,
				AB88BAB61734BF04008FC823 /* PLL-4.gif in Resources */,
				AB88BAB71734BF04008FC823 /* PLL-5.gif in Resources */,
				AB88BAB81734BF04008FC823 /* PLL-6.gif in Resources */,
				AB88BAB91734BF04008FC823 /* PLL-7.gif in Resources */,
				AB88BABA1734BF04008FC823 /* PLL-8.gif in Resources */,
				AB88BABB1734BF04008FC823 /* PLL-9.gif in Resources */,
				AB88BABC1734BF04008FC823 /* PLL-10.gif in Resources */,
				AB88BABD1734BF04008FC823 /* PLL-11.gif in Resources */,
				AB88BABE1734BF04008FC823 /* PLL-12.gif in Resources */,
				AB88BABF1734BF04008FC823 /* PLL-13.gif in Resources */,
				AB88BAC71734BF04008FC823 /* PLL-21.gif in Resources */,
				AB88BAC01734BF04008FC823 /* PLL-14.gif in Resources */,
				AB88BAC11734BF04008FC823 /* PLL-15.gif in Resources */,
				AB88BAC21734BF04008FC823 /* PLL-16.gif in Resources */,
				AB88BAC31734BF04008FC823 /* PLL-17.gif in Resources */,
				AB88BAC41734BF04008FC823 /* PLL-18.gif in Resources */,
				AB88BAC51734BF04008FC823 /* PLL-19.gif in Resources */,
				AB88BAC61734BF04008FC823 /* PLL-20.gif in Resources */,
				AB88BAFE17356B54008FC823 /* white-tabbar-background@2x.png in Resources */,
				AB88BB0217356D1E008FC823 /* white-tabbar-selected@2x.png in Resources */,
				AB88BB7F1736C7AC008FC823 /* brown-bookmark@2x.png in Resources */,
				AB2C164D1736FFF200EAE717 /* brown-bar@2x.png in Resources */,
				AB2C164F173708BC00EAE717 /* placeholder.png in Resources */,
				ABC52C9E173839AA0068B939 /* tutorial.pdf in Resources */,
			);
			runOnlyForDeploymentPostprocessing = 0;
		};
		AB723D1916CCB6700077F7F5 /* Resources */ = {
			isa = PBXResourcesBuildPhase;
			buildActionMask = 2147483647;
			files = (
				AB723D2816CCB6700077F7F5 /* InfoPlist.strings in Resources */,
				AB88BAD51734C216008FC823 /* check.png in Resources */,
				AB88BAD61734C216008FC823 /* check@2x.png in Resources */,
				AB88BAD71734C216008FC823 /* clock.png in Resources */,
				AB88BAD81734C216008FC823 /* clock@2x.png in Resources */,
				AB88BAD91734C216008FC823 /* cross.png in Resources */,
				AB88BADA1734C216008FC823 /* cross@2x.png in Resources */,
				AB88BADB1734C216008FC823 /* list.png in Resources */,
				AB88BADC1734C216008FC823 /* list@2x.png in Resources */,
			);
			runOnlyForDeploymentPostprocessing = 0;
		};
/* End PBXResourcesBuildPhase section */

/* Begin PBXShellScriptBuildPhase section */
		AB723D1A16CCB6700077F7F5 /* ShellScript */ = {
			isa = PBXShellScriptBuildPhase;
			buildActionMask = 2147483647;
			files = (
			);
			inputPaths = (
			);
			outputPaths = (
			);
			runOnlyForDeploymentPostprocessing = 0;
			shellPath = /bin/sh;
			shellScript = "# Run the unit tests in this test bundle.\n\"${SYSTEM_DEVELOPER_DIR}/Tools/RunUnitTests\"\n";
		};
/* End PBXShellScriptBuildPhase section */

/* Begin PBXSourcesBuildPhase section */
		AB723CE416CCB6700077F7F5 /* Sources */ = {
			isa = PBXSourcesBuildPhase;
			buildActionMask = 2147483647;
			files = (
				AB5351CF19C4C3DB00A64554 /* UIColor+FlatUI.m in Sources */,
				AB88BB08173577CC008FC823 /* MBProgressHUD.m in Sources */,
				AB88BAE91734CA3B008FC823 /* Algorithm.m in Sources */,
				AB88BADD1734C22D008FC823 /* MCSwipeTableViewCell.m in Sources */,
				AB723CF816CCB6700077F7F5 /* main.m in Sources */,
				AB723CFC16CCB6700077F7F5 /* SCAppDelegate.m in Sources */,
				AB723D0B16CCB6700077F7F5 /* SCLearnViewController.m in Sources */,
				ABA6699716CD7A4000F2ABE6 /* SCAlgorithmViewController.m in Sources */,
				AB88BAF21734D61D008FC823 /* SCBookmarkViewController.m in Sources */,
				ABC52C98173826CF0068B939 /* UIViewController+SChelper.m in Sources */,
			);
			runOnlyForDeploymentPostprocessing = 0;
		};
		AB723D1716CCB6700077F7F5 /* Sources */ = {
			isa = PBXSourcesBuildPhase;
			buildActionMask = 2147483647;
			files = (
				AB723D2B16CCB6700077F7F5 /* SolveTheCube2Tests.m in Sources */,
				AB88BACA1734C131008FC823 /* MCSwipeTableViewCell.m in Sources */,
				AB88BAE81734C68A008FC823 /* Algorithm.m in Sources */,
				AB88BB071735773A008FC823 /* MBProgressHUD.m in Sources */,
			);
			runOnlyForDeploymentPostprocessing = 0;
		};
/* End PBXSourcesBuildPhase section */

/* Begin PBXTargetDependency section */
		AB723D2216CCB6700077F7F5 /* PBXTargetDependency */ = {
			isa = PBXTargetDependency;
			target = AB723CE716CCB6700077F7F5 /* SolveTheCube2 */;
			targetProxy = AB723D2116CCB6700077F7F5 /* PBXContainerItemProxy */;
		};
/* End PBXTargetDependency section */

/* Begin PBXVariantGroup section */
		AB723CF416CCB6700077F7F5 /* InfoPlist.strings */ = {
			isa = PBXVariantGroup;
			children = (
				AB723CF516CCB6700077F7F5 /* en */,
			);
			name = InfoPlist.strings;
			sourceTree = "<group>";
		};
		AB723D0316CCB6700077F7F5 /* MainStoryboard_iPhone.storyboard */ = {
			isa = PBXVariantGroup;
			children = (
				AB723D0416CCB6700077F7F5 /* en */,
			);
			name = MainStoryboard_iPhone.storyboard;
			sourceTree = "<group>";
		};
		AB723D2616CCB6700077F7F5 /* InfoPlist.strings */ = {
			isa = PBXVariantGroup;
			children = (
				AB723D2716CCB6700077F7F5 /* en */,
			);
			name = InfoPlist.strings;
			sourceTree = "<group>";
		};
/* End PBXVariantGroup section */

/* Begin XCBuildConfiguration section */
		AB723D2C16CCB6700077F7F5 /* Debug */ = {
			isa = XCBuildConfiguration;
			buildSettings = {
				ALWAYS_SEARCH_USER_PATHS = NO;
				CLANG_CXX_LANGUAGE_STANDARD = "gnu++0x";
				CLANG_CXX_LIBRARY = "libc++";
				CLANG_ENABLE_OBJC_ARC = YES;
				CLANG_WARN_CONSTANT_CONVERSION = YES;
				CLANG_WARN_EMPTY_BODY = YES;
				CLANG_WARN_ENUM_CONVERSION = YES;
				CLANG_WARN_INT_CONVERSION = YES;
				CLANG_WARN__DUPLICATE_METHOD_MATCH = YES;
				"CODE_SIGN_IDENTITY[sdk=iphoneos*]" = "iPhone Developer";
				COPY_PHASE_STRIP = NO;
				GCC_C_LANGUAGE_STANDARD = gnu99;
				GCC_DYNAMIC_NO_PIC = NO;
				GCC_OPTIMIZATION_LEVEL = 0;
				GCC_PREPROCESSOR_DEFINITIONS = (
					"DEBUG=1",
					"$(inherited)",
				);
				GCC_SYMBOLS_PRIVATE_EXTERN = NO;
				GCC_WARN_ABOUT_RETURN_TYPE = YES;
				GCC_WARN_UNINITIALIZED_AUTOS = YES;
				GCC_WARN_UNUSED_VARIABLE = YES;
				IPHONEOS_DEPLOYMENT_TARGET = 5.0;
				ONLY_ACTIVE_ARCH = YES;
				SDKROOT = iphoneos;
				TARGETED_DEVICE_FAMILY = "1,2";
			};
			name = Debug;
		};
		AB723D2D16CCB6700077F7F5 /* Release */ = {
			isa = XCBuildConfiguration;
			buildSettings = {
				ALWAYS_SEARCH_USER_PATHS = NO;
				CLANG_CXX_LANGUAGE_STANDARD = "gnu++0x";
				CLANG_CXX_LIBRARY = "libc++";
				CLANG_ENABLE_OBJC_ARC = YES;
				CLANG_WARN_CONSTANT_CONVERSION = YES;
				CLANG_WARN_EMPTY_BODY = YES;
				CLANG_WARN_ENUM_CONVERSION = YES;
				CLANG_WARN_INT_CONVERSION = YES;
				CLANG_WARN__DUPLICATE_METHOD_MATCH = YES;
				CODE_SIGN_IDENTITY = "iPhone Distribution: Tianyu Liu";
				"CODE_SIGN_IDENTITY[sdk=iphoneos*]" = "iPhone Distribution: Tianyu Liu";
				COPY_PHASE_STRIP = YES;
				GCC_C_LANGUAGE_STANDARD = gnu99;
				GCC_WARN_ABOUT_RETURN_TYPE = YES;
				GCC_WARN_UNINITIALIZED_AUTOS = YES;
				GCC_WARN_UNUSED_VARIABLE = YES;
				IPHONEOS_DEPLOYMENT_TARGET = 5.0;
				OTHER_CFLAGS = "-DNS_BLOCK_ASSERTIONS=1";
				PROVISIONING_PROFILE = "01327FB7-C029-4C7B-AEA0-69F7EEAE7E86";
				"PROVISIONING_PROFILE[sdk=iphoneos*]" = "01327FB7-C029-4C7B-AEA0-69F7EEAE7E86";
				SDKROOT = iphoneos;
				TARGETED_DEVICE_FAMILY = "1,2";
				VALIDATE_PRODUCT = YES;
			};
			name = Release;
		};
		AB723D2F16CCB6700077F7F5 /* Debug */ = {
			isa = XCBuildConfiguration;
			buildSettings = {
				ASSETCATALOG_COMPILER_APPICON_NAME = AppIcon;
				ASSETCATALOG_COMPILER_LAUNCHIMAGE_NAME = LaunchImage;
				CODE_SIGN_IDENTITY = "iPhone Developer";
				"CODE_SIGN_IDENTITY[sdk=iphoneos*]" = "iPhone Developer";
				GCC_PRECOMPILE_PREFIX_HEADER = YES;
				GCC_PREFIX_HEADER = "SolveTheCube2/SolveTheCube2-Prefix.pch";
				INFOPLIST_FILE = "SolveTheCube2/SolveTheCube2-Info.plist";
				IPHONEOS_DEPLOYMENT_TARGET = 6.0;
				PRODUCT_NAME = SolveTheCube;
				PROVISIONING_PROFILE = "66682e33-f584-4902-83cb-5d2eae8b5d3a";
				TARGETED_DEVICE_FAMILY = 1;
				WRAPPER_EXTENSION = app;
			};
			name = Debug;
		};
		AB723D3016CCB6700077F7F5 /* Release */ = {
			isa = XCBuildConfiguration;
			buildSettings = {
				ASSETCATALOG_COMPILER_APPICON_NAME = AppIcon;
				ASSETCATALOG_COMPILER_LAUNCHIMAGE_NAME = LaunchImage;
				CODE_SIGN_IDENTITY = "iPhone Developer";
				"CODE_SIGN_IDENTITY[sdk=iphoneos*]" = "iPhone Developer";
				GCC_PRECOMPILE_PREFIX_HEADER = YES;
				GCC_PREFIX_HEADER = "SolveTheCube2/SolveTheCube2-Prefix.pch";
				INFOPLIST_FILE = "SolveTheCube2/SolveTheCube2-Info.plist";
				IPHONEOS_DEPLOYMENT_TARGET = 6.0;
				PRODUCT_NAME = SolveTheCube;
				PROVISIONING_PROFILE = "66682e33-f584-4902-83cb-5d2eae8b5d3a";
				TARGETED_DEVICE_FAMILY = 1;
				WRAPPER_EXTENSION = app;
			};
			name = Release;
		};
		AB723D3216CCB6700077F7F5 /* Debug */ = {
			isa = XCBuildConfiguration;
			buildSettings = {
				BUNDLE_LOADER = "$(BUILT_PRODUCTS_DIR)/SolveTheCube2.app/SolveTheCube2";
				FRAMEWORK_SEARCH_PATHS = (
					"\"$(SDKROOT)/Developer/Library/Frameworks\"",
					"\"$(DEVELOPER_LIBRARY_DIR)/Frameworks\"",
					"$(inherited)",
				);
				GCC_PRECOMPILE_PREFIX_HEADER = YES;
				GCC_PREFIX_HEADER = "SolveTheCube2/SolveTheCube2-Prefix.pch";
				INFOPLIST_FILE = "SolveTheCube2Tests/SolveTheCube2Tests-Info.plist";
				PRODUCT_NAME = "$(TARGET_NAME)";
				TEST_HOST = "$(BUNDLE_LOADER)";
			};
			name = Debug;
		};
		AB723D3316CCB6700077F7F5 /* Release */ = {
			isa = XCBuildConfiguration;
			buildSettings = {
				BUNDLE_LOADER = "$(BUILT_PRODUCTS_DIR)/SolveTheCube2.app/SolveTheCube2";
				FRAMEWORK_SEARCH_PATHS = (
					"\"$(SDKROOT)/Developer/Library/Frameworks\"",
					"\"$(DEVELOPER_LIBRARY_DIR)/Frameworks\"",
					"$(inherited)",
				);
				GCC_PRECOMPILE_PREFIX_HEADER = YES;
				GCC_PREFIX_HEADER = "SolveTheCube2/SolveTheCube2-Prefix.pch";
				INFOPLIST_FILE = "SolveTheCube2Tests/SolveTheCube2Tests-Info.plist";
				PRODUCT_NAME = "$(TARGET_NAME)";
				TEST_HOST = "$(BUNDLE_LOADER)";
			};
			name = Release;
		};
/* End XCBuildConfiguration section */

/* Begin XCConfigurationList section */
		AB723CE316CCB6700077F7F5 /* Build configuration list for PBXProject "SolveTheCube2" */ = {
			isa = XCConfigurationList;
			buildConfigurations = (
				AB723D2C16CCB6700077F7F5 /* Debug */,
				AB723D2D16CCB6700077F7F5 /* Release */,
			);
			defaultConfigurationIsVisible = 0;
			defaultConfigurationName = Release;
		};
		AB723D2E16CCB6700077F7F5 /* Build configuration list for PBXNativeTarget "SolveTheCube2" */ = {
			isa = XCConfigurationList;
			buildConfigurations = (
				AB723D2F16CCB6700077F7F5 /* Debug */,
				AB723D3016CCB6700077F7F5 /* Release */,
			);
			defaultConfigurationIsVisible = 0;
			defaultConfigurationName = Release;
		};
		AB723D3116CCB6700077F7F5 /* Build configuration list for PBXNativeTarget "SolveTheCube2Tests" */ = {
			isa = XCConfigurationList;
			buildConfigurations = (
				AB723D3216CCB6700077F7F5 /* Debug */,
				AB723D3316CCB6700077F7F5 /* Release */,
			);
			defaultConfigurationIsVisible = 0;
			defaultConfigurationName = Release;
		};
/* End XCConfigurationList section */
	};
	rootObject = AB723CE016CCB6700077F7F5 /* Project object */;
}
